{
	"name": "next-optimized-classnames",
	"version": "1.0.0",
	"lockfileVersion": 2,
	"requires": true,
	"packages": {
		"": {
			"version": "1.0.0",
			"license": "MIT",
			"dependencies": {
				"css-class-generator": "^2.0.0"
			}
		},
		"node_modules/css-class-generator": {
			"version": "2.0.0",
			"resolved": "https://registry.npmjs.org/css-class-generator/-/css-class-generator-2.0.0.tgz",
			"integrity": "sha512-zlmG8hCTmtc+3Esj1R5PgXCKDqJT1Uqhm8NyALvg3kSjAK0+tByFTkMhEh101V+f7toETM4RGigBU4BjGvphLg=="
		}
	},
	"dependencies": {
		"css-class-generator": {
			"version": "2.0.0",
			"resolved": "https://registry.npmjs.org/css-class-generator/-/css-class-generator-2.0.0.tgz",
			"integrity": "sha512-zlmG8hCTmtc+3Esj1R5PgXCKDqJT1Uqhm8NyALvg3kSjAK0+tByFTkMhEh101V+f7toETM4RGigBU4BjGvphLg=="
		}
	}
}
